
Microsoft Visual Studio Solution File, Format Version 12.00
# Visual Studio Version 17
VisualStudioVersion = 17.7.34031.279
MinimumVisualStudioVersion = 10.0.40219.1
Project("{9A19103F-16F7-4668-BE54-9A1E7A4F7556}") = "Server Base", "Server Base\Server Base.csproj", "{C78BCB51-9351-401D-A5F9-82BF922A07B1}"
EndProject
Project("{9A19103F-16F7-4668-BE54-9A1E7A4F7556}") = "ServerCore", "ServerCore\ServerCore.csproj", "{26157FB9-4083-4DF3-81AB-F28004364B86}"
EndProject
Project("{2150E333-8FDC-42A3-9474-1A3956D46DE8}") = "Tools", "Tools", "{B9986409-4A71-404F-8F90-1B1B9B8713D9}"
EndProject
Project("{9A19103F-16F7-4668-BE54-9A1E7A4F7556}") = "PacketGenerator", "PacketGenerator\PacketGenerator\PacketGenerator.csproj", "{FF5C1532-62CD-4D77-B9AB-07E853043DE1}"
EndProject
Global
	GlobalSection(SolutionConfigurationPlatforms) = preSolution
		Debug|Any CPU = Debug|Any CPU
		Release|Any CPU = Release|Any CPU
	EndGlobalSection
	GlobalSection(ProjectConfigurationPlatforms) = postSolution
		{C78BCB51-9351-401D-A5F9-82BF922A07B1}.Debug|Any CPU.ActiveCfg = Debug|Any CPU
		{C78BCB51-9351-401D-A5F9-82BF922A07B1}.Debug|Any CPU.Build.0 = Debug|Any CPU
		{C78BCB51-9351-401D-A5F9-82BF922A07B1}.Release|Any CPU.ActiveCfg = Release|Any CPU
		{C78BCB51-9351-401D-A5F9-82BF922A07B1}.Release|Any CPU.Build.0 = Release|Any CPU
		{26157FB9-4083-4DF3-81AB-F28004364B86}.Debug|Any CPU.ActiveCfg = Debug|Any CPU
		{26157FB9-4083-4DF3-81AB-F28004364B86}.Debug|Any CPU.Build.0 = Debug|Any CPU
		{26157FB9-4083-4DF3-81AB-F28004364B86}.Release|Any CPU.ActiveCfg = Release|Any CPU
		{26157FB9-4083-4DF3-81AB-F28004364B86}.Release|Any CPU.Build.0 = Release|Any CPU
		{FF5C1532-62CD-4D77-B9AB-07E853043DE1}.Debug|Any CPU.ActiveCfg = Debug|Any CPU
		{FF5C1532-62CD-4D77-B9AB-07E853043DE1}.Debug|Any CPU.Build.0 = Debug|Any CPU
		{FF5C1532-62CD-4D77-B9AB-07E853043DE1}.Release|Any CPU.ActiveCfg = Release|Any CPU
		{FF5C1532-62CD-4D77-B9AB-07E853043DE1}.Release|Any CPU.Build.0 = Release|Any CPU
	EndGlobalSection
	GlobalSection(SolutionProperties) = preSolution
		HideSolutionNode = FALSE
	EndGlobalSection
	GlobalSection(NestedProjects) = preSolution
		{FF5C1532-62CD-4D77-B9AB-07E853043DE1} = {B9986409-4A71-404F-8F90-1B1B9B8713D9}
	EndGlobalSection
	GlobalSection(ExtensibilityGlobals) = postSolution
		SolutionGuid = {C765ED56-5A75-49E1-8E45-D7FF846057F6}
	EndGlobalSection
EndGlobal
